<?xml version="1.0" encoding="utf-8"?>
<Project ToolsVersion="4.0" xmlns="http://schemas.microsoft.com/developer/msbuild/2003">
  <ItemGroup>
    <Filter Include="Source Files">
      <UniqueIdentifier>{be6378ce-bf6d-4024-b4b7-34f9dbdeaecd}</UniqueIdentifier>
    </Filter>
    <Filter Include="Header Files">
      <UniqueIdentifier>{49c0966b-8d4c-4089-a3fa-1c0911bb0c1a}</UniqueIdentifier>
    </Filter>
  </ItemGroup>
  <ItemGroup>
    <ClCompile Include="main.cpp">
      <Filter>Source Files</Filter>
    </ClCompile>
    <ClCompile Include="Console.cpp">
      <Filter>Source Files</Filter>
    </ClCompile>
    <ClCompile Include="FilesystemIO.cpp">
      <Filter>Source Files</Filter>
    </ClCompile>
    <ClCompile Include="ProcDirectoryIterator.cpp">
      <Filter>Source Files</Filter>
    </ClCompile>
    <ClCompile Include="ProcDirectoryParser.cpp">
      <Filter>Source Files</Filter>
    </ClCompile>
    <ClCompile Include="ProcessData.cpp">
      <Filter>Source Files</Filter>
    </ClCompile>
    <ClCompile Include="ProcessManager.cpp">
      <Filter>Source Files</Filter>
    </ClCompile>
    <ClCompile Include="ProcStatusFile.cpp">
      <Filter>Source Files</Filter>
    </ClCompile>
    <ClCompile Include="SortProcessManager.cpp">
      <Filter>Source Files</Filter>
    </ClCompile>
    <ClCompile Include="KillProcess.cpp">
      <Filter>Source Files</Filter>
    </ClCompile>
    <ClCompile Include="ProcBaseFile.cpp">
      <Filter>Source Files</Filter>
    </ClCompile>
    <ClCompile Include="ProcMeminfoFile.cpp">
      <Filter>Source Files</Filter>
    </ClCompile>
  </ItemGroup>
  <ItemGroup>
    <ClInclude Include="ProcessData.h">
      <Filter>Header Files</Filter>
    </ClInclude>
    <ClInclude Include="ProcessManager.h">
      <Filter>Header Files</Filter>
    </ClInclude>
    <ClInclude Include="ProcDirectoryIterator.h">
      <Filter>Header Files</Filter>
    </ClInclude>
    <ClInclude Include="Console.h">
      <Filter>Header Files</Filter>
    </ClInclude>
    <ClInclude Include="ProcStatusFile.h">
      <Filter>Header Files</Filter>
    </ClInclude>
    <ClInclude Include="FilesystemIO.h">
      <Filter>Header Files</Filter>
    </ClInclude>
    <ClInclude Include="ProcDirectoryParser.h">
      <Filter>Header Files</Filter>
    </ClInclude>
    <ClInclude Include="SortProcessManager.h">
      <Filter>Header Files</Filter>
    </ClInclude>
    <ClInclude Include="ProcMeminfoFile.h">
      <Filter>Header Files</Filter>
    </ClInclude>
    <ClInclude Include="ProcBaseFile.h">
      <Filter>Header Files</Filter>
    </ClInclude>
    <ClInclude Include="KillProcess.h">
      <Filter>Header Files</Filter>
    </ClInclude>
  </ItemGroup>
</Project>